
Microsoft Visual Studio Solution File, Format Version 12.00
# Visual Studio Version 17
VisualStudioVersion = 17.13.35825.156 d17.13
MinimumVisualStudioVersion = 10.0.40219.1
Project("{FAE04EC0-301F-11D3-BF4B-00C04F79EFBC}") = "BugTracker.Core", "BugTracker.Core\BugTracker.Core.csproj", "{490DB01D-7321-4A38-86AC-718EAE85115A}"
EndProject
Project("{FAE04EC0-301F-11D3-BF4B-00C04F79EFBC}") = "BugTracker.ConsoleUI", "BugTracker.ConsoleUI\BugTracker.ConsoleUI.csproj", "{F40AB722-4AFA-49FF-8F19-F110DB3F4E1A}"
EndProject
Project("{FAE04EC0-301F-11D3-BF4B-00C04F79EFBC}") = "BugTracker.Tests", "BugTracker.Tests\BugTracker.Tests.csproj", "{AA1A123B-4ACA-459D-9513-7A48A84B0E1A}"
EndProject
Global
	GlobalSection(SolutionConfigurationPlatforms) = preSolution
		Debug|Any CPU = Debug|Any CPU
		Release|Any CPU = Release|Any CPU
	EndGlobalSection
	GlobalSection(ProjectConfigurationPlatforms) = postSolution
		{490DB01D-7321-4A38-86AC-718EAE85115A}.Debug|Any CPU.ActiveCfg = Debug|Any CPU
		{490DB01D-7321-4A38-86AC-718EAE85115A}.Debug|Any CPU.Build.0 = Debug|Any CPU
		{490DB01D-7321-4A38-86AC-718EAE85115A}.Release|Any CPU.ActiveCfg = Release|Any CPU
		{490DB01D-7321-4A38-86AC-718EAE85115A}.Release|Any CPU.Build.0 = Release|Any CPU
		{F40AB722-4AFA-49FF-8F19-F110DB3F4E1A}.Debug|Any CPU.ActiveCfg = Debug|Any CPU
		{F40AB722-4AFA-49FF-8F19-F110DB3F4E1A}.Debug|Any CPU.Build.0 = Debug|Any CPU
		{F40AB722-4AFA-49FF-8F19-F110DB3F4E1A}.Release|Any CPU.ActiveCfg = Release|Any CPU
		{F40AB722-4AFA-49FF-8F19-F110DB3F4E1A}.Release|Any CPU.Build.0 = Release|Any CPU
		{AA1A123B-4ACA-459D-9513-7A48A84B0E1A}.Debug|Any CPU.ActiveCfg = Debug|Any CPU
		{AA1A123B-4ACA-459D-9513-7A48A84B0E1A}.Debug|Any CPU.Build.0 = Debug|Any CPU
		{AA1A123B-4ACA-459D-9513-7A48A84B0E1A}.Release|Any CPU.ActiveCfg = Release|Any CPU
		{AA1A123B-4ACA-459D-9513-7A48A84B0E1A}.Release|Any CPU.Build.0 = Release|Any CPU
	EndGlobalSection
	GlobalSection(SolutionProperties) = preSolution
		HideSolutionNode = FALSE
	EndGlobalSection
	GlobalSection(ExtensibilityGlobals) = postSolution
		SolutionGuid = {D492F7AA-FD57-43C8-B9F4-BEE5BAE9470B}
	EndGlobalSection
EndGlobal
